
Microsoft Visual Studio Solution File, Format Version 12.00
# Visual Studio 15
VisualStudioVersion = 15.0.28307.421
MinimumVisualStudioVersion = 10.0.40219.1
Project("{FAE04EC0-301F-11D3-BF4B-00C04F79EFBC}") = "FirstWCFService", "FirstWCFService\FirstWCFService.csproj", "{963AB9EE-15FA-4588-A3C1-FB063E1B0CFC}"
EndProject
Global
	GlobalSection(SolutionConfigurationPlatforms) = preSolution
		Debug|Any CPU = Debug|Any CPU
		Release|Any CPU = Release|Any CPU
	EndGlobalSection
	GlobalSection(ProjectConfigurationPlatforms) = postSolution
		{963AB9EE-15FA-4588-A3C1-FB063E1B0CFC}.Debug|Any CPU.ActiveCfg = Debug|Any CPU
		{963AB9EE-15FA-4588-A3C1-FB063E1B0CFC}.Debug|Any CPU.Build.0 = Debug|Any CPU
		{963AB9EE-15FA-4588-A3C1-FB063E1B0CFC}.Release|Any CPU.ActiveCfg = Release|Any CPU
		{963AB9EE-15FA-4588-A3C1-FB063E1B0CFC}.Release|Any CPU.Build.0 = Release|Any CPU
	EndGlobalSection
	GlobalSection(SolutionProperties) = preSolution
		HideSolutionNode = FALSE
	EndGlobalSection
	GlobalSection(ExtensibilityGlobals) = postSolution
		SolutionGuid = {C4E32BE7-C74D-4087-BF8B-E12D0DB22D54}
	EndGlobalSection
EndGlobal
